{
  "lockfileVersion": 1,
  "configVersion": 1,
  "workspaces": {
    "": {
      "name": "cts-kilo-db-bootstrap",
      "dependencies": {
        "@kilocode/app-builder-db": "file:vendor/app-builder-db-marker",
      },
    },
  },
  "packages": {
    "@kilocode/app-builder-db": ["@kilocode/app-builder-db@file:vendor/app-builder-db-marker", {}],
  }
}
